
Microsoft Visual Studio Solution File, Format Version 12.00
# Visual Studio Version 17
VisualStudioVersion = 17.14.36301.6
MinimumVisualStudioVersion = 10.0.40219.1
Project("{2150E333-8FDC-42A3-9474-1A3956D46DE8}") = "Builder", "Builder", "{F1ACED7F-7D8E-442C-AAC9-068A64407E78}"
	ProjectSection(SolutionItems) = preProject
		Builder\README.md = Builder\README.md
	EndProjectSection
EndProject
Project("{FAE04EC0-301F-11D3-BF4B-00C04F79EFBC}") = "Demo.Builder.DotNetCore", "Builder\usage-demo\Demo.Builder.DotNetCore\Demo.Builder.DotNetCore.csproj", "{9DF5C120-CCEB-455C-9C0A-24090B8CC2FD}"
EndProject
Project("{2150E333-8FDC-42A3-9474-1A3956D46DE8}") = "tests", "tests", "{2593BDD6-253A-4A80-A45A-739EBE088694}"
EndProject
Project("{FAE04EC0-301F-11D3-BF4B-00C04F79EFBC}") = "Builder.UnitTests", "Builder\tests\Builder.UnitTests\Builder.UnitTests.csproj", "{64167D97-5579-4BF3-98E9-478C6514378F}"
EndProject
Project("{FAE04EC0-301F-11D3-BF4B-00C04F79EFBC}") = "Builder.Benchmarks", "Builder\tests\Builder.Benchmarks\Builder.Benchmarks.csproj", "{30965533-C8FD-4DEE-B45E-9E13E9CD89F7}"
EndProject
Project("{2150E333-8FDC-42A3-9474-1A3956D46DE8}") = "Decorator", "Decorator", "{02EA681E-C7D8-13C7-8484-4AC65E1B71E8}"
	ProjectSection(SolutionItems) = preProject
		Decorator\README.md = Decorator\README.md
	EndProjectSection
EndProject
Project("{FAE04EC0-301F-11D3-BF4B-00C04F79EFBC}") = "Knara.SourceGenerators.DesignPatterns.Decorator", "Decorator\Knara.SourceGenerators.DesignPatterns.Decorator\Knara.SourceGenerators.DesignPatterns.Decorator.csproj", "{A8063A82-DAC9-F17B-DB63-1B04D5274DF8}"
EndProject
Project("{FAE04EC0-301F-11D3-BF4B-00C04F79EFBC}") = "Demo.Decorator.DotNetCore", "Decorator\usage-demo\Demo.Decorator.DotNetCore\Demo.Decorator.DotNetCore.csproj", "{AB020ECE-ED13-6EB9-BB94-08F3D5D1C237}"
EndProject
Project("{2150E333-8FDC-42A3-9474-1A3956D46DE8}") = "Singleton", "Singleton", "{54C4B6B8-4E45-4CBF-B858-6C6A0505B463}"
	ProjectSection(SolutionItems) = preProject
		Singleton\README.md = Singleton\README.md
	EndProjectSection
EndProject
Project("{FAE04EC0-301F-11D3-BF4B-00C04F79EFBC}") = "Knara.SourceGenerators.DesignPatterns.Singleton", "Singleton\Knara.SourceGenerators.DesignPatterns.Singleton\Knara.SourceGenerators.DesignPatterns.Singleton.csproj", "{9A69C47D-4D65-40B4-BF0E-2CAB7EB50E51}"
EndProject
Project("{FAE04EC0-301F-11D3-BF4B-00C04F79EFBC}") = "Demo.Singleton.DotNetCore", "Singleton\usage-demo\Demo.Singleton.DotNetCore\Demo.Singleton.DotNetCore.csproj", "{F0F1873A-3ED4-49B6-9F81-5E0663C7DB9D}"
EndProject
Project("{2150E333-8FDC-42A3-9474-1A3956D46DE8}") = "tests", "tests", "{A00C449A-11EB-40F2-9648-5996A2AEE032}"
EndProject
Project("{FAE04EC0-301F-11D3-BF4B-00C04F79EFBC}") = "Singleton.Benchmarks", "Singleton\tests\Singleton.Benchmarks\Singleton.Benchmarks.csproj", "{35FF2A72-0DAF-44AC-8F74-9B1C63CD9D0D}"
EndProject
Project("{FAE04EC0-301F-11D3-BF4B-00C04F79EFBC}") = "Knara.SourceGenerators.DesignPatters.Builder", "Builder\Knara.SourceGenerators.DesignPatters.Builder\Knara.SourceGenerators.DesignPatters.Builder.csproj", "{980338CB-DC12-F64E-C09E-D82F0063D417}"
EndProject
Project("{2150E333-8FDC-42A3-9474-1A3956D46DE8}") = "Mediator", "Mediator", "{44011200-7E39-4887-A9C8-54A12E8A190E}"
	ProjectSection(SolutionItems) = preProject
		Mediator\README.md = Mediator\README.md
	EndProjectSection
EndProject
Project("{FAE04EC0-301F-11D3-BF4B-00C04F79EFBC}") = "Knara.SourceGenerators.DesignPatterns.Mediator", "Mediator\Knara.SourceGenerators.DesignPatterns.Mediator\Knara.SourceGenerators.DesignPatterns.Mediator.csproj", "{CC84C4CE-5649-4468-8ED6-C6DAD589EE9D}"
EndProject
Project("{FAE04EC0-301F-11D3-BF4B-00C04F79EFBC}") = "Demo.Mediator.DotNetCore", "Mediator\usage-demo\Demo.Mediator.DotNetCore\Demo.Mediator.DotNetCore.csproj", "{B6EB01FC-C053-4587-8601-0D2B59EE0EE5}"
EndProject
Project("{FAE04EC0-301F-11D3-BF4B-00C04F79EFBC}") = "Singleton.UnitTests", "Singleton\tests\Singleton.UnitTests\Singleton.UnitTests.csproj", "{A75F6A14-A70E-43CD-A996-C69D2184E997}"
EndProject
Project("{FAE04EC0-301F-11D3-BF4B-00C04F79EFBC}") = "Mediator.UnitTests", "Mediator\tests\Mediator.UnitTests\Mediator.UnitTests.csproj", "{4AEEB371-42DC-46F8-AAD2-7A96CA830641}"
EndProject
Project("{2150E333-8FDC-42A3-9474-1A3956D46DE8}") = "tests", "tests", "{99DE8CB4-3D45-4754-B7BD-F7F86308E31D}"
EndProject
Project("{FAE04EC0-301F-11D3-BF4B-00C04F79EFBC}") = "Demo.Builder.DotNet4", "Builder\usage-demo\Demo.Builder.DotNet4\Demo.Builder.DotNet4.csproj", "{D705A65F-3DE5-4CFD-B75D-999F09EAF16B}"
EndProject
Project("{FAE04EC0-301F-11D3-BF4B-00C04F79EFBC}") = "Demo.Decorator.DotNet4", "Decorator\usage-demo\Demo.Decorator.DotNet4\Demo.Decorator.DotNet4.csproj", "{3D22EF57-510E-442F-B074-714E7A57232B}"
EndProject
Project("{FAE04EC0-301F-11D3-BF4B-00C04F79EFBC}") = "Demo.Mediator.DotNet4", "Mediator\usage-demo\Demo.Mediator.DotNet4\Demo.Mediator.DotNet4.csproj", "{9DEF796C-837D-4D73-B61C-6FEC7A9E9CAB}"
EndProject
Project("{FAE04EC0-301F-11D3-BF4B-00C04F79EFBC}") = "Demo.Singleton.DotNet4", "Singleton\usage-demo\Demo.Singleton.DotNet4\Demo.Singleton.DotNet4.csproj", "{393CA88A-25D7-42F2-9743-5AFA6E92AF79}"
EndProject
Project("{2150E333-8FDC-42A3-9474-1A3956D46DE8}") = "demo", "demo", "{BBCD000D-7639-456B-A01A-E4381E71F749}"
EndProject
Project("{2150E333-8FDC-42A3-9474-1A3956D46DE8}") = "demo", "demo", "{15661DB0-B736-46A8-9828-24130D860852}"
EndProject
Project("{2150E333-8FDC-42A3-9474-1A3956D46DE8}") = "demo", "demo", "{4532DE46-01E0-4DC1-9433-A9A440F2871F}"
EndProject
Project("{2150E333-8FDC-42A3-9474-1A3956D46DE8}") = "demo", "demo", "{88848D01-3930-48C3-8EEF-109635D833B6}"
EndProject
Global
	GlobalSection(SolutionConfigurationPlatforms) = preSolution
		Debug|Any CPU = Debug|Any CPU
		Release|Any CPU = Release|Any CPU
	EndGlobalSection
	GlobalSection(ProjectConfigurationPlatforms) = postSolution
		{9DF5C120-CCEB-455C-9C0A-24090B8CC2FD}.Debug|Any CPU.ActiveCfg = Debug|Any CPU
		{9DF5C120-CCEB-455C-9C0A-24090B8CC2FD}.Debug|Any CPU.Build.0 = Debug|Any CPU
		{9DF5C120-CCEB-455C-9C0A-24090B8CC2FD}.Release|Any CPU.ActiveCfg = Release|Any CPU
		{9DF5C120-CCEB-455C-9C0A-24090B8CC2FD}.Release|Any CPU.Build.0 = Release|Any CPU
		{64167D97-5579-4BF3-98E9-478C6514378F}.Debug|Any CPU.ActiveCfg = Debug|Any CPU
		{64167D97-5579-4BF3-98E9-478C6514378F}.Debug|Any CPU.Build.0 = Debug|Any CPU
		{64167D97-5579-4BF3-98E9-478C6514378F}.Release|Any CPU.ActiveCfg = Release|Any CPU
		{64167D97-5579-4BF3-98E9-478C6514378F}.Release|Any CPU.Build.0 = Release|Any CPU
		{30965533-C8FD-4DEE-B45E-9E13E9CD89F7}.Debug|Any CPU.ActiveCfg = Debug|Any CPU
		{30965533-C8FD-4DEE-B45E-9E13E9CD89F7}.Debug|Any CPU.Build.0 = Debug|Any CPU
		{30965533-C8FD-4DEE-B45E-9E13E9CD89F7}.Release|Any CPU.ActiveCfg = Release|Any CPU
		{30965533-C8FD-4DEE-B45E-9E13E9CD89F7}.Release|Any CPU.Build.0 = Release|Any CPU
		{A8063A82-DAC9-F17B-DB63-1B04D5274DF8}.Debug|Any CPU.ActiveCfg = Debug|Any CPU
		{A8063A82-DAC9-F17B-DB63-1B04D5274DF8}.Debug|Any CPU.Build.0 = Debug|Any CPU
		{A8063A82-DAC9-F17B-DB63-1B04D5274DF8}.Release|Any CPU.ActiveCfg = Release|Any CPU
		{A8063A82-DAC9-F17B-DB63-1B04D5274DF8}.Release|Any CPU.Build.0 = Release|Any CPU
		{AB020ECE-ED13-6EB9-BB94-08F3D5D1C237}.Debug|Any CPU.ActiveCfg = Debug|Any CPU
		{AB020ECE-ED13-6EB9-BB94-08F3D5D1C237}.Debug|Any CPU.Build.0 = Debug|Any CPU
		{AB020ECE-ED13-6EB9-BB94-08F3D5D1C237}.Release|Any CPU.ActiveCfg = Release|Any CPU
		{AB020ECE-ED13-6EB9-BB94-08F3D5D1C237}.Release|Any CPU.Build.0 = Release|Any CPU
		{9A69C47D-4D65-40B4-BF0E-2CAB7EB50E51}.Debug|Any CPU.ActiveCfg = Debug|Any CPU
		{9A69C47D-4D65-40B4-BF0E-2CAB7EB50E51}.Debug|Any CPU.Build.0 = Debug|Any CPU
		{9A69C47D-4D65-40B4-BF0E-2CAB7EB50E51}.Release|Any CPU.ActiveCfg = Release|Any CPU
		{9A69C47D-4D65-40B4-BF0E-2CAB7EB50E51}.Release|Any CPU.Build.0 = Release|Any CPU
		{F0F1873A-3ED4-49B6-9F81-5E0663C7DB9D}.Debug|Any CPU.ActiveCfg = Debug|Any CPU
		{F0F1873A-3ED4-49B6-9F81-5E0663C7DB9D}.Debug|Any CPU.Build.0 = Debug|Any CPU
		{F0F1873A-3ED4-49B6-9F81-5E0663C7DB9D}.Release|Any CPU.ActiveCfg = Release|Any CPU
		{F0F1873A-3ED4-49B6-9F81-5E0663C7DB9D}.Release|Any CPU.Build.0 = Release|Any CPU
		{35FF2A72-0DAF-44AC-8F74-9B1C63CD9D0D}.Debug|Any CPU.ActiveCfg = Debug|Any CPU
		{35FF2A72-0DAF-44AC-8F74-9B1C63CD9D0D}.Debug|Any CPU.Build.0 = Debug|Any CPU
		{35FF2A72-0DAF-44AC-8F74-9B1C63CD9D0D}.Release|Any CPU.ActiveCfg = Release|Any CPU
		{35FF2A72-0DAF-44AC-8F74-9B1C63CD9D0D}.Release|Any CPU.Build.0 = Release|Any CPU
		{980338CB-DC12-F64E-C09E-D82F0063D417}.Debug|Any CPU.ActiveCfg = Debug|Any CPU
		{980338CB-DC12-F64E-C09E-D82F0063D417}.Debug|Any CPU.Build.0 = Debug|Any CPU
		{980338CB-DC12-F64E-C09E-D82F0063D417}.Release|Any CPU.ActiveCfg = Release|Any CPU
		{980338CB-DC12-F64E-C09E-D82F0063D417}.Release|Any CPU.Build.0 = Release|Any CPU
		{CC84C4CE-5649-4468-8ED6-C6DAD589EE9D}.Debug|Any CPU.ActiveCfg = Debug|Any CPU
		{CC84C4CE-5649-4468-8ED6-C6DAD589EE9D}.Debug|Any CPU.Build.0 = Debug|Any CPU
		{CC84C4CE-5649-4468-8ED6-C6DAD589EE9D}.Release|Any CPU.ActiveCfg = Release|Any CPU
		{CC84C4CE-5649-4468-8ED6-C6DAD589EE9D}.Release|Any CPU.Build.0 = Release|Any CPU
		{B6EB01FC-C053-4587-8601-0D2B59EE0EE5}.Debug|Any CPU.ActiveCfg = Debug|Any CPU
		{B6EB01FC-C053-4587-8601-0D2B59EE0EE5}.Debug|Any CPU.Build.0 = Debug|Any CPU
		{B6EB01FC-C053-4587-8601-0D2B59EE0EE5}.Release|Any CPU.ActiveCfg = Release|Any CPU
		{B6EB01FC-C053-4587-8601-0D2B59EE0EE5}.Release|Any CPU.Build.0 = Release|Any CPU
		{A75F6A14-A70E-43CD-A996-C69D2184E997}.Debug|Any CPU.ActiveCfg = Debug|Any CPU
		{A75F6A14-A70E-43CD-A996-C69D2184E997}.Debug|Any CPU.Build.0 = Debug|Any CPU
		{A75F6A14-A70E-43CD-A996-C69D2184E997}.Release|Any CPU.ActiveCfg = Release|Any CPU
		{A75F6A14-A70E-43CD-A996-C69D2184E997}.Release|Any CPU.Build.0 = Release|Any CPU
		{4AEEB371-42DC-46F8-AAD2-7A96CA830641}.Debug|Any CPU.ActiveCfg = Debug|Any CPU
		{4AEEB371-42DC-46F8-AAD2-7A96CA830641}.Debug|Any CPU.Build.0 = Debug|Any CPU
		{4AEEB371-42DC-46F8-AAD2-7A96CA830641}.Release|Any CPU.ActiveCfg = Release|Any CPU
		{4AEEB371-42DC-46F8-AAD2-7A96CA830641}.Release|Any CPU.Build.0 = Release|Any CPU
		{D705A65F-3DE5-4CFD-B75D-999F09EAF16B}.Debug|Any CPU.ActiveCfg = Debug|Any CPU
		{D705A65F-3DE5-4CFD-B75D-999F09EAF16B}.Debug|Any CPU.Build.0 = Debug|Any CPU
		{D705A65F-3DE5-4CFD-B75D-999F09EAF16B}.Release|Any CPU.ActiveCfg = Release|Any CPU
		{D705A65F-3DE5-4CFD-B75D-999F09EAF16B}.Release|Any CPU.Build.0 = Release|Any CPU
		{3D22EF57-510E-442F-B074-714E7A57232B}.Debug|Any CPU.ActiveCfg = Debug|Any CPU
		{3D22EF57-510E-442F-B074-714E7A57232B}.Debug|Any CPU.Build.0 = Debug|Any CPU
		{3D22EF57-510E-442F-B074-714E7A57232B}.Release|Any CPU.ActiveCfg = Release|Any CPU
		{3D22EF57-510E-442F-B074-714E7A57232B}.Release|Any CPU.Build.0 = Release|Any CPU
		{9DEF796C-837D-4D73-B61C-6FEC7A9E9CAB}.Debug|Any CPU.ActiveCfg = Debug|Any CPU
		{9DEF796C-837D-4D73-B61C-6FEC7A9E9CAB}.Debug|Any CPU.Build.0 = Debug|Any CPU
		{9DEF796C-837D-4D73-B61C-6FEC7A9E9CAB}.Release|Any CPU.ActiveCfg = Release|Any CPU
		{9DEF796C-837D-4D73-B61C-6FEC7A9E9CAB}.Release|Any CPU.Build.0 = Release|Any CPU
		{393CA88A-25D7-42F2-9743-5AFA6E92AF79}.Debug|Any CPU.ActiveCfg = Debug|Any CPU
		{393CA88A-25D7-42F2-9743-5AFA6E92AF79}.Debug|Any CPU.Build.0 = Debug|Any CPU
		{393CA88A-25D7-42F2-9743-5AFA6E92AF79}.Release|Any CPU.ActiveCfg = Release|Any CPU
		{393CA88A-25D7-42F2-9743-5AFA6E92AF79}.Release|Any CPU.Build.0 = Release|Any CPU
	EndGlobalSection
	GlobalSection(SolutionProperties) = preSolution
		HideSolutionNode = FALSE
	EndGlobalSection
	GlobalSection(NestedProjects) = preSolution
		{2593BDD6-253A-4A80-A45A-739EBE088694} = {F1ACED7F-7D8E-442C-AAC9-068A64407E78}
		{64167D97-5579-4BF3-98E9-478C6514378F} = {2593BDD6-253A-4A80-A45A-739EBE088694}
		{30965533-C8FD-4DEE-B45E-9E13E9CD89F7} = {2593BDD6-253A-4A80-A45A-739EBE088694}
		{A8063A82-DAC9-F17B-DB63-1B04D5274DF8} = {02EA681E-C7D8-13C7-8484-4AC65E1B71E8}
		{9A69C47D-4D65-40B4-BF0E-2CAB7EB50E51} = {54C4B6B8-4E45-4CBF-B858-6C6A0505B463}
		{A00C449A-11EB-40F2-9648-5996A2AEE032} = {54C4B6B8-4E45-4CBF-B858-6C6A0505B463}
		{35FF2A72-0DAF-44AC-8F74-9B1C63CD9D0D} = {A00C449A-11EB-40F2-9648-5996A2AEE032}
		{980338CB-DC12-F64E-C09E-D82F0063D417} = {F1ACED7F-7D8E-442C-AAC9-068A64407E78}
		{CC84C4CE-5649-4468-8ED6-C6DAD589EE9D} = {44011200-7E39-4887-A9C8-54A12E8A190E}
		{A75F6A14-A70E-43CD-A996-C69D2184E997} = {A00C449A-11EB-40F2-9648-5996A2AEE032}
		{99DE8CB4-3D45-4754-B7BD-F7F86308E31D} = {44011200-7E39-4887-A9C8-54A12E8A190E}
		{4AEEB371-42DC-46F8-AAD2-7A96CA830641} = {99DE8CB4-3D45-4754-B7BD-F7F86308E31D}
		{BBCD000D-7639-456B-A01A-E4381E71F749} = {F1ACED7F-7D8E-442C-AAC9-068A64407E78}
		{D705A65F-3DE5-4CFD-B75D-999F09EAF16B} = {BBCD000D-7639-456B-A01A-E4381E71F749}
		{9DF5C120-CCEB-455C-9C0A-24090B8CC2FD} = {BBCD000D-7639-456B-A01A-E4381E71F749}
		{15661DB0-B736-46A8-9828-24130D860852} = {02EA681E-C7D8-13C7-8484-4AC65E1B71E8}
		{3D22EF57-510E-442F-B074-714E7A57232B} = {15661DB0-B736-46A8-9828-24130D860852}
		{AB020ECE-ED13-6EB9-BB94-08F3D5D1C237} = {15661DB0-B736-46A8-9828-24130D860852}
		{4532DE46-01E0-4DC1-9433-A9A440F2871F} = {44011200-7E39-4887-A9C8-54A12E8A190E}
		{9DEF796C-837D-4D73-B61C-6FEC7A9E9CAB} = {4532DE46-01E0-4DC1-9433-A9A440F2871F}
		{B6EB01FC-C053-4587-8601-0D2B59EE0EE5} = {4532DE46-01E0-4DC1-9433-A9A440F2871F}
		{88848D01-3930-48C3-8EEF-109635D833B6} = {54C4B6B8-4E45-4CBF-B858-6C6A0505B463}
		{393CA88A-25D7-42F2-9743-5AFA6E92AF79} = {88848D01-3930-48C3-8EEF-109635D833B6}
		{F0F1873A-3ED4-49B6-9F81-5E0663C7DB9D} = {88848D01-3930-48C3-8EEF-109635D833B6}
	EndGlobalSection
	GlobalSection(ExtensibilityGlobals) = postSolution
		SolutionGuid = {0883C14D-DAD2-471B-AABE-081FEEC8DDD3}
	EndGlobalSection
EndGlobal
